
Microsoft Visual Studio Solution File, Format Version 12.00
# Visual Studio Version 16
VisualStudioVersion = 16.0.31702.278
MinimumVisualStudioVersion = 10.0.40219.1
Project("{FAE04EC0-301F-11D3-BF4B-00C04F79EFBC}") = "SnakeLadderUC6", "SnakeLadderUC6\SnakeLadderUC6.csproj", "{39E2AB3A-8ADA-45CC-9039-0449BC52339D}"
EndProject
Global
	GlobalSection(SolutionConfigurationPlatforms) = preSolution
		Debug|Any CPU = Debug|Any CPU
		Release|Any CPU = Release|Any CPU
	EndGlobalSection
	GlobalSection(ProjectConfigurationPlatforms) = postSolution
		{39E2AB3A-8ADA-45CC-9039-0449BC52339D}.Debug|Any CPU.ActiveCfg = Debug|Any CPU
		{39E2AB3A-8ADA-45CC-9039-0449BC52339D}.Debug|Any CPU.Build.0 = Debug|Any CPU
		{39E2AB3A-8ADA-45CC-9039-0449BC52339D}.Release|Any CPU.ActiveCfg = Release|Any CPU
		{39E2AB3A-8ADA-45CC-9039-0449BC52339D}.Release|Any CPU.Build.0 = Release|Any CPU
	EndGlobalSection
	GlobalSection(SolutionProperties) = preSolution
		HideSolutionNode = FALSE
	EndGlobalSection
	GlobalSection(ExtensibilityGlobals) = postSolution
		SolutionGuid = {629BDA5D-491C-4B77-8F33-5B91BFAA7269}
	EndGlobalSection
EndGlobal
