
Microsoft Visual Studio Solution File, Format Version 12.00
# Visual Studio Version 16
VisualStudioVersion = 16.0.31702.278
MinimumVisualStudioVersion = 10.0.40219.1
Project("{FAE04EC0-301F-11D3-BF4B-00C04F79EFBC}") = "SnakeLadderUC2", "SnakeLadderUC2\SnakeLadderUC2.csproj", "{9C2DF5B9-CFC2-4637-8F04-31085832C7A0}"
EndProject
Global
	GlobalSection(SolutionConfigurationPlatforms) = preSolution
		Debug|Any CPU = Debug|Any CPU
		Release|Any CPU = Release|Any CPU
	EndGlobalSection
	GlobalSection(ProjectConfigurationPlatforms) = postSolution
		{9C2DF5B9-CFC2-4637-8F04-31085832C7A0}.Debug|Any CPU.ActiveCfg = Debug|Any CPU
		{9C2DF5B9-CFC2-4637-8F04-31085832C7A0}.Debug|Any CPU.Build.0 = Debug|Any CPU
		{9C2DF5B9-CFC2-4637-8F04-31085832C7A0}.Release|Any CPU.ActiveCfg = Release|Any CPU
		{9C2DF5B9-CFC2-4637-8F04-31085832C7A0}.Release|Any CPU.Build.0 = Release|Any CPU
	EndGlobalSection
	GlobalSection(SolutionProperties) = preSolution
		HideSolutionNode = FALSE
	EndGlobalSection
	GlobalSection(ExtensibilityGlobals) = postSolution
		SolutionGuid = {60DF2386-04A9-44E2-9F99-4364471FF6DD}
	EndGlobalSection
EndGlobal
